
Microsoft Visual Studio Solution File, Format Version 12.00
# Visual Studio Version 17
VisualStudioVersion = 17.2.32210.308
MinimumVisualStudioVersion = 10.0.40219.1
Project("{2150E333-8FDC-42A3-9474-1A3956D46DE8}") = "src", "src", "{2DA560C9-CF55-4AE8-9876-035A24D70098}"
EndProject
Project("{2150E333-8FDC-42A3-9474-1A3956D46DE8}") = "test", "test", "{91ACB8C4-58D1-42AC-A233-248BC18925B7}"
EndProject
Project("{9A19103F-16F7-4668-BE54-9A1E7A4F7556}") = "MyTelegram.Schema", "src\MyTelegram.Schema\MyTelegram.Schema.csproj", "{635E30FB-0B64-41D9-ACCC-BD927FD1A2EB}"
EndProject
Project("{9A19103F-16F7-4668-BE54-9A1E7A4F7556}") = "MyTelegram.Schema.Tests", "test\MyTelegram.Schema.Tests\MyTelegram.Schema.Tests.csproj", "{F86A6EBD-7FCC-4349-865B-BADF2AC331C2}"
EndProject
Project("{2150E333-8FDC-42A3-9474-1A3956D46DE8}") = "Domain", "Domain", "{EB17BE1D-A92C-49B5-BFF1-DD75BC7DC94B}"
EndProject
Project("{2150E333-8FDC-42A3-9474-1A3956D46DE8}") = "Application", "Application", "{DB4DF262-E785-497F-B465-440175026F97}"
EndProject
Project("{9A19103F-16F7-4668-BE54-9A1E7A4F7556}") = "MyTelegram.Core", "src\MyTelegram.Core\MyTelegram.Core.csproj", "{77D2BB76-B7AF-4200-B799-F19F879F7CB4}"
EndProject
Project("{9A19103F-16F7-4668-BE54-9A1E7A4F7556}") = "MyTelegram.Domain", "src\MyTelegram.Domain\MyTelegram.Domain.csproj", "{88DF870D-E5E7-4CC0-8FF0-60EF746C28AF}"
EndProject
Project("{9A19103F-16F7-4668-BE54-9A1E7A4F7556}") = "MyTelegram.Domain.Shared", "src\MyTelegram.Domain.Shared\MyTelegram.Domain.Shared.csproj", "{117B0121-B9E5-4481-8054-F33D1DA86AEC}"
EndProject
Project("{9A19103F-16F7-4668-BE54-9A1E7A4F7556}") = "MyTelegram.GrpcService", "src\MyTelegram.GrpcService\MyTelegram.GrpcService.csproj", "{B9DC33D2-34E6-4B6B-A22E-D7EFA1380004}"
EndProject
Project("{9A19103F-16F7-4668-BE54-9A1E7A4F7556}") = "MyTelegram.MessengerServer.GrpcService", "src\MyTelegram.MessengerServer.GrpcService\MyTelegram.MessengerServer.GrpcService.csproj", "{ECB29B94-3D58-4492-A50D-5767DCBDE029}"
EndProject
Project("{9A19103F-16F7-4668-BE54-9A1E7A4F7556}") = "MyTelegram.Queries", "src\MyTelegram.Queries\MyTelegram.Queries.csproj", "{6BCC94F3-717C-42EB-B051-DCFD15C9A068}"
EndProject
Project("{9A19103F-16F7-4668-BE54-9A1E7A4F7556}") = "MyTelegram.QueryHandlers.MongoDB", "src\MyTelegram.Queries.MongoDB\MyTelegram.QueryHandlers.MongoDB.csproj", "{63EB1637-89E3-485A-AD9F-C49E215B9281}"
EndProject
Project("{9A19103F-16F7-4668-BE54-9A1E7A4F7556}") = "MyTelegram.ReadModel", "src\MyTelegram.ReadModel\MyTelegram.ReadModel.csproj", "{7602FA14-87A9-490E-91E2-BBC0633FE194}"
EndProject
Project("{9A19103F-16F7-4668-BE54-9A1E7A4F7556}") = "MyTelegram.ReadModel.MongoDB", "src\MyTelegram.ReadModel.MongoDB\MyTelegram.ReadModel.MongoDB.csproj", "{1B3840FD-9C14-489F-8E03-DFEDA01207CF}"
EndProject
Project("{2150E333-8FDC-42A3-9474-1A3956D46DE8}") = "ReadModel", "ReadModel", "{3BF8F0CE-05C3-4386-B960-C56F6719D294}"
EndProject
Project("{9A19103F-16F7-4668-BE54-9A1E7A4F7556}") = "MyTelegram.Domain.Tests", "test\MyTelegram.Domain.Tests\MyTelegram.Domain.Tests.csproj", "{1076A82B-A813-44A5-93F6-4CCA1C15090E}"
EndProject
Project("{2150E333-8FDC-42A3-9474-1A3956D46DE8}") = "Infrastructure", "Infrastructure", "{5F3FB626-5C24-4663-9B74-C9257417305E}"
EndProject
Project("{9A19103F-16F7-4668-BE54-9A1E7A4F7556}") = "Microsoft.Cuckoo", "src\Microsoft.Cuckoo\Microsoft.Cuckoo.csproj", "{9B208770-781B-42B0-8F2A-E87B0D5341AD}"
EndProject
Project("{9A19103F-16F7-4668-BE54-9A1E7A4F7556}") = "MyTelegram.ReadModel.InMemory", "src\MyTelegram.ReadModel.InMemory\MyTelegram.ReadModel.InMemory.csproj", "{11F1970C-D03D-4153-B27E-C4774AB4509A}"
EndProject
Project("{9A19103F-16F7-4668-BE54-9A1E7A4F7556}") = "MyTelegram.Domain.IntegrationTests", "test\MyTelegram.Domain.IntegrationTests\MyTelegram.Domain.IntegrationTests.csproj", "{BF85677F-198E-4CAE-A13D-38CA555C9F76}"
EndProject
Project("{9A19103F-16F7-4668-BE54-9A1E7A4F7556}") = "MyTelegram.TestBase", "src\MyTelegram.TestBase\MyTelegram.TestBase.csproj", "{D6842BB0-435B-408A-8040-11FAD9479E79}"
EndProject
Project("{9A19103F-16F7-4668-BE54-9A1E7A4F7556}") = "MyTelegram.QueryHandlers.InMemory", "src\MyTelegram.QueryHandlers.InMemory\MyTelegram.QueryHandlers.InMemory.csproj", "{65D57042-EE58-4EBC-A5EE-B618BB99641D}"
EndProject
Project("{9A19103F-16F7-4668-BE54-9A1E7A4F7556}") = "MyTelegram.MessengerServer.Tests", "src\MyTelegram.MessengerServerTests\MyTelegram.MessengerServer.Tests.csproj", "{430316FB-DF1B-4153-97B5-90DDBA685875}"
EndProject
Project("{9A19103F-16F7-4668-BE54-9A1E7A4F7556}") = "MyTelegram.SmsSender", "src\MyTelegram.SmsSender\MyTelegram.SmsSender.csproj", "{165F6836-4B8F-48E0-AFC4-8D2A0286F3F5}"
EndProject
Project("{9A19103F-16F7-4668-BE54-9A1E7A4F7556}") = "MyTelegram.EventBus", "src\MyTelegram.EventBus\MyTelegram.EventBus.csproj", "{F23531FF-582D-48BA-988A-C484B86B44B2}"
EndProject
Project("{9A19103F-16F7-4668-BE54-9A1E7A4F7556}") = "MyTelegram.EventBus.RabbitMQ", "src\MyTelegram.EventBus.RabbitMQ\MyTelegram.EventBus.RabbitMQ.csproj", "{02A95AC5-D8A8-4897-9D23-1B7AE4B7AE8B}"
EndProject
Project("{9A19103F-16F7-4668-BE54-9A1E7A4F7556}") = "MyTelegram.EventFlow.MongoDB", "src\MyTelegram.EventFlow.MongoDB\MyTelegram.EventFlow.MongoDB.csproj", "{175B77B0-25DB-47C4-881B-DEC3FAADF78A}"
EndProject
Project("{9A19103F-16F7-4668-BE54-9A1E7A4F7556}") = "MyTelegram.Caching.Redis", "src\MyTelegram.Caching.Redis\MyTelegram.Caching.Redis.csproj", "{7F5612B7-188E-42D1-9F41-3CC32062519B}"
EndProject
Project("{9A19103F-16F7-4668-BE54-9A1E7A4F7556}") = "MyTelegram.MTProto", "src\MyTelegram.MTProto\MyTelegram.MTProto.csproj", "{44C09B7D-9917-4AFE-809C-2DA8E93048DD}"
EndProject
Project("{9A19103F-16F7-4668-BE54-9A1E7A4F7556}") = "MyTelegram.MTProto.Tests", "test\MyTelegram.MTProto.Tests\MyTelegram.MTProto.Tests.csproj", "{816A9714-67FD-42BA-8411-3AD9B0A90701}"
EndProject
Project("{9A19103F-16F7-4668-BE54-9A1E7A4F7556}") = "MyTelegram.GatewayServer", "src\MyTelegram.GatewayServer\MyTelegram.GatewayServer.csproj", "{5BFC0B2E-0DD2-48D4-AD4F-7245687C34F7}"
EndProject
Project("{9A19103F-16F7-4668-BE54-9A1E7A4F7556}") = "MyTelegram.Messenger", "src\MyTelegram.Messenger\MyTelegram.Messenger.csproj", "{9967162A-3ABF-44A9-B796-D1925B257805}"
EndProject
Project("{9A19103F-16F7-4668-BE54-9A1E7A4F7556}") = "MyTelegram.Messenger.CommandServer", "src\MyTelegram.Messenger.CommandServer\MyTelegram.Messenger.CommandServer.csproj", "{18483359-47B7-4FB7-9BAE-F598105B15F5}"
EndProject
Project("{9A19103F-16F7-4668-BE54-9A1E7A4F7556}") = "MyTelegram.Messenger.QueryServer", "src\MyTelegram.Messenger.QueryServer\MyTelegram.Messenger.QueryServer.csproj", "{ACCB7A7F-19E2-4593-B6A0-97989D6B78E6}"
EndProject
Project("{9A19103F-16F7-4668-BE54-9A1E7A4F7556}") = "MyTelegram.Services", "src\MyTelegram.Services\MyTelegram.Services.csproj", "{0A9D2AE0-F943-408E-B740-2101DDF865CE}"
EndProject
Project("{9A19103F-16F7-4668-BE54-9A1E7A4F7556}") = "MyTelegram.EventBus.Rebus", "src\MyTelegram.EventBus.Rebus\MyTelegram.EventBus.Rebus.csproj", "{110740FE-D600-41EF-8BF3-5115D23E00F9}"
EndProject
Global
	GlobalSection(SolutionConfigurationPlatforms) = preSolution
		Debug|Any CPU = Debug|Any CPU
		Release|Any CPU = Release|Any CPU
	EndGlobalSection
	GlobalSection(ProjectConfigurationPlatforms) = postSolution
		{635E30FB-0B64-41D9-ACCC-BD927FD1A2EB}.Debug|Any CPU.ActiveCfg = Debug|Any CPU
		{635E30FB-0B64-41D9-ACCC-BD927FD1A2EB}.Debug|Any CPU.Build.0 = Debug|Any CPU
		{635E30FB-0B64-41D9-ACCC-BD927FD1A2EB}.Release|Any CPU.ActiveCfg = Release|Any CPU
		{635E30FB-0B64-41D9-ACCC-BD927FD1A2EB}.Release|Any CPU.Build.0 = Release|Any CPU
		{F86A6EBD-7FCC-4349-865B-BADF2AC331C2}.Debug|Any CPU.ActiveCfg = Debug|Any CPU
		{F86A6EBD-7FCC-4349-865B-BADF2AC331C2}.Debug|Any CPU.Build.0 = Debug|Any CPU
		{F86A6EBD-7FCC-4349-865B-BADF2AC331C2}.Release|Any CPU.ActiveCfg = Release|Any CPU
		{F86A6EBD-7FCC-4349-865B-BADF2AC331C2}.Release|Any CPU.Build.0 = Release|Any CPU
		{77D2BB76-B7AF-4200-B799-F19F879F7CB4}.Debug|Any CPU.ActiveCfg = Debug|Any CPU
		{77D2BB76-B7AF-4200-B799-F19F879F7CB4}.Debug|Any CPU.Build.0 = Debug|Any CPU
		{77D2BB76-B7AF-4200-B799-F19F879F7CB4}.Release|Any CPU.ActiveCfg = Release|Any CPU
		{77D2BB76-B7AF-4200-B799-F19F879F7CB4}.Release|Any CPU.Build.0 = Release|Any CPU
		{88DF870D-E5E7-4CC0-8FF0-60EF746C28AF}.Debug|Any CPU.ActiveCfg = Debug|Any CPU
		{88DF870D-E5E7-4CC0-8FF0-60EF746C28AF}.Debug|Any CPU.Build.0 = Debug|Any CPU
		{88DF870D-E5E7-4CC0-8FF0-60EF746C28AF}.Release|Any CPU.ActiveCfg = Release|Any CPU
		{88DF870D-E5E7-4CC0-8FF0-60EF746C28AF}.Release|Any CPU.Build.0 = Release|Any CPU
		{117B0121-B9E5-4481-8054-F33D1DA86AEC}.Debug|Any CPU.ActiveCfg = Debug|Any CPU
		{117B0121-B9E5-4481-8054-F33D1DA86AEC}.Debug|Any CPU.Build.0 = Debug|Any CPU
		{117B0121-B9E5-4481-8054-F33D1DA86AEC}.Release|Any CPU.ActiveCfg = Release|Any CPU
		{117B0121-B9E5-4481-8054-F33D1DA86AEC}.Release|Any CPU.Build.0 = Release|Any CPU
		{B9DC33D2-34E6-4B6B-A22E-D7EFA1380004}.Debug|Any CPU.ActiveCfg = Debug|Any CPU
		{B9DC33D2-34E6-4B6B-A22E-D7EFA1380004}.Debug|Any CPU.Build.0 = Debug|Any CPU
		{B9DC33D2-34E6-4B6B-A22E-D7EFA1380004}.Release|Any CPU.ActiveCfg = Release|Any CPU
		{B9DC33D2-34E6-4B6B-A22E-D7EFA1380004}.Release|Any CPU.Build.0 = Release|Any CPU
		{ECB29B94-3D58-4492-A50D-5767DCBDE029}.Debug|Any CPU.ActiveCfg = Debug|Any CPU
		{ECB29B94-3D58-4492-A50D-5767DCBDE029}.Debug|Any CPU.Build.0 = Debug|Any CPU
		{ECB29B94-3D58-4492-A50D-5767DCBDE029}.Release|Any CPU.ActiveCfg = Release|Any CPU
		{ECB29B94-3D58-4492-A50D-5767DCBDE029}.Release|Any CPU.Build.0 = Release|Any CPU
		{6BCC94F3-717C-42EB-B051-DCFD15C9A068}.Debug|Any CPU.ActiveCfg = Debug|Any CPU
		{6BCC94F3-717C-42EB-B051-DCFD15C9A068}.Debug|Any CPU.Build.0 = Debug|Any CPU
		{6BCC94F3-717C-42EB-B051-DCFD15C9A068}.Release|Any CPU.ActiveCfg = Release|Any CPU
		{6BCC94F3-717C-42EB-B051-DCFD15C9A068}.Release|Any CPU.Build.0 = Release|Any CPU
		{63EB1637-89E3-485A-AD9F-C49E215B9281}.Debug|Any CPU.ActiveCfg = Debug|Any CPU
		{63EB1637-89E3-485A-AD9F-C49E215B9281}.Debug|Any CPU.Build.0 = Debug|Any CPU
		{63EB1637-89E3-485A-AD9F-C49E215B9281}.Release|Any CPU.ActiveCfg = Release|Any CPU
		{63EB1637-89E3-485A-AD9F-C49E215B9281}.Release|Any CPU.Build.0 = Release|Any CPU
		{7602FA14-87A9-490E-91E2-BBC0633FE194}.Debug|Any CPU.ActiveCfg = Debug|Any CPU
		{7602FA14-87A9-490E-91E2-BBC0633FE194}.Debug|Any CPU.Build.0 = Debug|Any CPU
		{7602FA14-87A9-490E-91E2-BBC0633FE194}.Release|Any CPU.ActiveCfg = Release|Any CPU
		{7602FA14-87A9-490E-91E2-BBC0633FE194}.Release|Any CPU.Build.0 = Release|Any CPU
		{1B3840FD-9C14-489F-8E03-DFEDA01207CF}.Debug|Any CPU.ActiveCfg = Debug|Any CPU
		{1B3840FD-9C14-489F-8E03-DFEDA01207CF}.Debug|Any CPU.Build.0 = Debug|Any CPU
		{1B3840FD-9C14-489F-8E03-DFEDA01207CF}.Release|Any CPU.ActiveCfg = Release|Any CPU
		{1B3840FD-9C14-489F-8E03-DFEDA01207CF}.Release|Any CPU.Build.0 = Release|Any CPU
		{1076A82B-A813-44A5-93F6-4CCA1C15090E}.Debug|Any CPU.ActiveCfg = Debug|Any CPU
		{1076A82B-A813-44A5-93F6-4CCA1C15090E}.Debug|Any CPU.Build.0 = Debug|Any CPU
		{1076A82B-A813-44A5-93F6-4CCA1C15090E}.Release|Any CPU.ActiveCfg = Release|Any CPU
		{1076A82B-A813-44A5-93F6-4CCA1C15090E}.Release|Any CPU.Build.0 = Release|Any CPU
		{9B208770-781B-42B0-8F2A-E87B0D5341AD}.Debug|Any CPU.ActiveCfg = Debug|Any CPU
		{9B208770-781B-42B0-8F2A-E87B0D5341AD}.Debug|Any CPU.Build.0 = Debug|Any CPU
		{9B208770-781B-42B0-8F2A-E87B0D5341AD}.Release|Any CPU.ActiveCfg = Release|Any CPU
		{9B208770-781B-42B0-8F2A-E87B0D5341AD}.Release|Any CPU.Build.0 = Release|Any CPU
		{11F1970C-D03D-4153-B27E-C4774AB4509A}.Debug|Any CPU.ActiveCfg = Debug|Any CPU
		{11F1970C-D03D-4153-B27E-C4774AB4509A}.Debug|Any CPU.Build.0 = Debug|Any CPU
		{11F1970C-D03D-4153-B27E-C4774AB4509A}.Release|Any CPU.ActiveCfg = Release|Any CPU
		{11F1970C-D03D-4153-B27E-C4774AB4509A}.Release|Any CPU.Build.0 = Release|Any CPU
		{BF85677F-198E-4CAE-A13D-38CA555C9F76}.Debug|Any CPU.ActiveCfg = Debug|Any CPU
		{BF85677F-198E-4CAE-A13D-38CA555C9F76}.Debug|Any CPU.Build.0 = Debug|Any CPU
		{BF85677F-198E-4CAE-A13D-38CA555C9F76}.Release|Any CPU.ActiveCfg = Release|Any CPU
		{BF85677F-198E-4CAE-A13D-38CA555C9F76}.Release|Any CPU.Build.0 = Release|Any CPU
		{D6842BB0-435B-408A-8040-11FAD9479E79}.Debug|Any CPU.ActiveCfg = Debug|Any CPU
		{D6842BB0-435B-408A-8040-11FAD9479E79}.Debug|Any CPU.Build.0 = Debug|Any CPU
		{D6842BB0-435B-408A-8040-11FAD9479E79}.Release|Any CPU.ActiveCfg = Release|Any CPU
		{D6842BB0-435B-408A-8040-11FAD9479E79}.Release|Any CPU.Build.0 = Release|Any CPU
		{65D57042-EE58-4EBC-A5EE-B618BB99641D}.Debug|Any CPU.ActiveCfg = Debug|Any CPU
		{65D57042-EE58-4EBC-A5EE-B618BB99641D}.Debug|Any CPU.Build.0 = Debug|Any CPU
		{65D57042-EE58-4EBC-A5EE-B618BB99641D}.Release|Any CPU.ActiveCfg = Release|Any CPU
		{65D57042-EE58-4EBC-A5EE-B618BB99641D}.Release|Any CPU.Build.0 = Release|Any CPU
		{430316FB-DF1B-4153-97B5-90DDBA685875}.Debug|Any CPU.ActiveCfg = Debug|Any CPU
		{430316FB-DF1B-4153-97B5-90DDBA685875}.Debug|Any CPU.Build.0 = Debug|Any CPU
		{430316FB-DF1B-4153-97B5-90DDBA685875}.Release|Any CPU.ActiveCfg = Release|Any CPU
		{430316FB-DF1B-4153-97B5-90DDBA685875}.Release|Any CPU.Build.0 = Release|Any CPU
		{165F6836-4B8F-48E0-AFC4-8D2A0286F3F5}.Debug|Any CPU.ActiveCfg = Debug|Any CPU
		{165F6836-4B8F-48E0-AFC4-8D2A0286F3F5}.Debug|Any CPU.Build.0 = Debug|Any CPU
		{165F6836-4B8F-48E0-AFC4-8D2A0286F3F5}.Release|Any CPU.ActiveCfg = Release|Any CPU
		{165F6836-4B8F-48E0-AFC4-8D2A0286F3F5}.Release|Any CPU.Build.0 = Release|Any CPU
		{F23531FF-582D-48BA-988A-C484B86B44B2}.Debug|Any CPU.ActiveCfg = Debug|Any CPU
		{F23531FF-582D-48BA-988A-C484B86B44B2}.Debug|Any CPU.Build.0 = Debug|Any CPU
		{F23531FF-582D-48BA-988A-C484B86B44B2}.Release|Any CPU.ActiveCfg = Release|Any CPU
		{F23531FF-582D-48BA-988A-C484B86B44B2}.Release|Any CPU.Build.0 = Release|Any CPU
		{02A95AC5-D8A8-4897-9D23-1B7AE4B7AE8B}.Debug|Any CPU.ActiveCfg = Debug|Any CPU
		{02A95AC5-D8A8-4897-9D23-1B7AE4B7AE8B}.Debug|Any CPU.Build.0 = Debug|Any CPU
		{02A95AC5-D8A8-4897-9D23-1B7AE4B7AE8B}.Release|Any CPU.ActiveCfg = Release|Any CPU
		{02A95AC5-D8A8-4897-9D23-1B7AE4B7AE8B}.Release|Any CPU.Build.0 = Release|Any CPU
		{175B77B0-25DB-47C4-881B-DEC3FAADF78A}.Debug|Any CPU.ActiveCfg = Debug|Any CPU
		{175B77B0-25DB-47C4-881B-DEC3FAADF78A}.Debug|Any CPU.Build.0 = Debug|Any CPU
		{175B77B0-25DB-47C4-881B-DEC3FAADF78A}.Release|Any CPU.ActiveCfg = Release|Any CPU
		{175B77B0-25DB-47C4-881B-DEC3FAADF78A}.Release|Any CPU.Build.0 = Release|Any CPU
		{7F5612B7-188E-42D1-9F41-3CC32062519B}.Debug|Any CPU.ActiveCfg = Debug|Any CPU
		{7F5612B7-188E-42D1-9F41-3CC32062519B}.Debug|Any CPU.Build.0 = Debug|Any CPU
		{7F5612B7-188E-42D1-9F41-3CC32062519B}.Release|Any CPU.ActiveCfg = Release|Any CPU
		{7F5612B7-188E-42D1-9F41-3CC32062519B}.Release|Any CPU.Build.0 = Release|Any CPU
		{44C09B7D-9917-4AFE-809C-2DA8E93048DD}.Debug|Any CPU.ActiveCfg = Debug|Any CPU
		{44C09B7D-9917-4AFE-809C-2DA8E93048DD}.Debug|Any CPU.Build.0 = Debug|Any CPU
		{44C09B7D-9917-4AFE-809C-2DA8E93048DD}.Release|Any CPU.ActiveCfg = Release|Any CPU
		{44C09B7D-9917-4AFE-809C-2DA8E93048DD}.Release|Any CPU.Build.0 = Release|Any CPU
		{816A9714-67FD-42BA-8411-3AD9B0A90701}.Debug|Any CPU.ActiveCfg = Debug|Any CPU
		{816A9714-67FD-42BA-8411-3AD9B0A90701}.Debug|Any CPU.Build.0 = Debug|Any CPU
		{816A9714-67FD-42BA-8411-3AD9B0A90701}.Release|Any CPU.ActiveCfg = Release|Any CPU
		{816A9714-67FD-42BA-8411-3AD9B0A90701}.Release|Any CPU.Build.0 = Release|Any CPU
		{5BFC0B2E-0DD2-48D4-AD4F-7245687C34F7}.Debug|Any CPU.ActiveCfg = Debug|Any CPU
		{5BFC0B2E-0DD2-48D4-AD4F-7245687C34F7}.Debug|Any CPU.Build.0 = Debug|Any CPU
		{5BFC0B2E-0DD2-48D4-AD4F-7245687C34F7}.Release|Any CPU.ActiveCfg = Release|Any CPU
		{5BFC0B2E-0DD2-48D4-AD4F-7245687C34F7}.Release|Any CPU.Build.0 = Release|Any CPU
		{9967162A-3ABF-44A9-B796-D1925B257805}.Debug|Any CPU.ActiveCfg = Debug|Any CPU
		{9967162A-3ABF-44A9-B796-D1925B257805}.Debug|Any CPU.Build.0 = Debug|Any CPU
		{9967162A-3ABF-44A9-B796-D1925B257805}.Release|Any CPU.ActiveCfg = Release|Any CPU
		{9967162A-3ABF-44A9-B796-D1925B257805}.Release|Any CPU.Build.0 = Release|Any CPU
		{18483359-47B7-4FB7-9BAE-F598105B15F5}.Debug|Any CPU.ActiveCfg = Debug|Any CPU
		{18483359-47B7-4FB7-9BAE-F598105B15F5}.Debug|Any CPU.Build.0 = Debug|Any CPU
		{18483359-47B7-4FB7-9BAE-F598105B15F5}.Release|Any CPU.ActiveCfg = Release|Any CPU
		{18483359-47B7-4FB7-9BAE-F598105B15F5}.Release|Any CPU.Build.0 = Release|Any CPU
		{ACCB7A7F-19E2-4593-B6A0-97989D6B78E6}.Debug|Any CPU.ActiveCfg = Debug|Any CPU
		{ACCB7A7F-19E2-4593-B6A0-97989D6B78E6}.Debug|Any CPU.Build.0 = Debug|Any CPU
		{ACCB7A7F-19E2-4593-B6A0-97989D6B78E6}.Release|Any CPU.ActiveCfg = Release|Any CPU
		{ACCB7A7F-19E2-4593-B6A0-97989D6B78E6}.Release|Any CPU.Build.0 = Release|Any CPU
		{0A9D2AE0-F943-408E-B740-2101DDF865CE}.Debug|Any CPU.ActiveCfg = Debug|Any CPU
		{0A9D2AE0-F943-408E-B740-2101DDF865CE}.Debug|Any CPU.Build.0 = Debug|Any CPU
		{0A9D2AE0-F943-408E-B740-2101DDF865CE}.Release|Any CPU.ActiveCfg = Release|Any CPU
		{0A9D2AE0-F943-408E-B740-2101DDF865CE}.Release|Any CPU.Build.0 = Release|Any CPU
		{110740FE-D600-41EF-8BF3-5115D23E00F9}.Debug|Any CPU.ActiveCfg = Debug|Any CPU
		{110740FE-D600-41EF-8BF3-5115D23E00F9}.Debug|Any CPU.Build.0 = Debug|Any CPU
		{110740FE-D600-41EF-8BF3-5115D23E00F9}.Release|Any CPU.ActiveCfg = Release|Any CPU
		{110740FE-D600-41EF-8BF3-5115D23E00F9}.Release|Any CPU.Build.0 = Release|Any CPU
	EndGlobalSection
	GlobalSection(SolutionProperties) = preSolution
		HideSolutionNode = FALSE
	EndGlobalSection
	GlobalSection(NestedProjects) = preSolution
		{635E30FB-0B64-41D9-ACCC-BD927FD1A2EB} = {5F3FB626-5C24-4663-9B74-C9257417305E}
		{F86A6EBD-7FCC-4349-865B-BADF2AC331C2} = {91ACB8C4-58D1-42AC-A233-248BC18925B7}
		{EB17BE1D-A92C-49B5-BFF1-DD75BC7DC94B} = {2DA560C9-CF55-4AE8-9876-035A24D70098}
		{DB4DF262-E785-497F-B465-440175026F97} = {2DA560C9-CF55-4AE8-9876-035A24D70098}
		{77D2BB76-B7AF-4200-B799-F19F879F7CB4} = {5F3FB626-5C24-4663-9B74-C9257417305E}
		{88DF870D-E5E7-4CC0-8FF0-60EF746C28AF} = {EB17BE1D-A92C-49B5-BFF1-DD75BC7DC94B}
		{117B0121-B9E5-4481-8054-F33D1DA86AEC} = {EB17BE1D-A92C-49B5-BFF1-DD75BC7DC94B}
		{B9DC33D2-34E6-4B6B-A22E-D7EFA1380004} = {DB4DF262-E785-497F-B465-440175026F97}
		{ECB29B94-3D58-4492-A50D-5767DCBDE029} = {DB4DF262-E785-497F-B465-440175026F97}
		{6BCC94F3-717C-42EB-B051-DCFD15C9A068} = {3BF8F0CE-05C3-4386-B960-C56F6719D294}
		{63EB1637-89E3-485A-AD9F-C49E215B9281} = {3BF8F0CE-05C3-4386-B960-C56F6719D294}
		{7602FA14-87A9-490E-91E2-BBC0633FE194} = {3BF8F0CE-05C3-4386-B960-C56F6719D294}
		{1B3840FD-9C14-489F-8E03-DFEDA01207CF} = {3BF8F0CE-05C3-4386-B960-C56F6719D294}
		{3BF8F0CE-05C3-4386-B960-C56F6719D294} = {2DA560C9-CF55-4AE8-9876-035A24D70098}
		{1076A82B-A813-44A5-93F6-4CCA1C15090E} = {91ACB8C4-58D1-42AC-A233-248BC18925B7}
		{5F3FB626-5C24-4663-9B74-C9257417305E} = {2DA560C9-CF55-4AE8-9876-035A24D70098}
		{9B208770-781B-42B0-8F2A-E87B0D5341AD} = {5F3FB626-5C24-4663-9B74-C9257417305E}
		{11F1970C-D03D-4153-B27E-C4774AB4509A} = {3BF8F0CE-05C3-4386-B960-C56F6719D294}
		{BF85677F-198E-4CAE-A13D-38CA555C9F76} = {91ACB8C4-58D1-42AC-A233-248BC18925B7}
		{D6842BB0-435B-408A-8040-11FAD9479E79} = {5F3FB626-5C24-4663-9B74-C9257417305E}
		{65D57042-EE58-4EBC-A5EE-B618BB99641D} = {3BF8F0CE-05C3-4386-B960-C56F6719D294}
		{430316FB-DF1B-4153-97B5-90DDBA685875} = {91ACB8C4-58D1-42AC-A233-248BC18925B7}
		{165F6836-4B8F-48E0-AFC4-8D2A0286F3F5} = {DB4DF262-E785-497F-B465-440175026F97}
		{F23531FF-582D-48BA-988A-C484B86B44B2} = {5F3FB626-5C24-4663-9B74-C9257417305E}
		{02A95AC5-D8A8-4897-9D23-1B7AE4B7AE8B} = {5F3FB626-5C24-4663-9B74-C9257417305E}
		{175B77B0-25DB-47C4-881B-DEC3FAADF78A} = {5F3FB626-5C24-4663-9B74-C9257417305E}
		{7F5612B7-188E-42D1-9F41-3CC32062519B} = {5F3FB626-5C24-4663-9B74-C9257417305E}
		{44C09B7D-9917-4AFE-809C-2DA8E93048DD} = {5F3FB626-5C24-4663-9B74-C9257417305E}
		{816A9714-67FD-42BA-8411-3AD9B0A90701} = {91ACB8C4-58D1-42AC-A233-248BC18925B7}
		{5BFC0B2E-0DD2-48D4-AD4F-7245687C34F7} = {DB4DF262-E785-497F-B465-440175026F97}
	EndGlobalSection
	GlobalSection(ExtensibilityGlobals) = postSolution
		SolutionGuid = {A8E7A112-1B80-4DCC-9884-5069D0E3B651}
	EndGlobalSection
EndGlobal
