
Microsoft Visual Studio Solution File, Format Version 12.00
# Visual Studio Version 17
VisualStudioVersion = 17.2.32210.308
MinimumVisualStudioVersion = 10.0.40219.1
Project("{2150E333-8FDC-42A3-9474-1A3956D46DE8}") = "src", "src", "{2DA560C9-CF55-4AE8-9876-035A24D70098}"
EndProject
Project("{2150E333-8FDC-42A3-9474-1A3956D46DE8}") = "test", "test", "{91ACB8C4-58D1-42AC-A233-248BC18925B7}"
EndProject
Project("{9A19103F-16F7-4668-BE54-9A1E7A4F7556}") = "MyTelegram.Schema", "src\MyTelegram.Schema\MyTelegram.Schema.csproj", "{635E30FB-0B64-41D9-ACCC-BD927FD1A2EB}"
EndProject
Project("{9A19103F-16F7-4668-BE54-9A1E7A4F7556}") = "MyTelegram.Schema.Tests", "test\MyTelegram.Schema.Tests\MyTelegram.Schema.Tests.csproj", "{F86A6EBD-7FCC-4349-865B-BADF2AC331C2}"
EndProject
Project("{2150E333-8FDC-42A3-9474-1A3956D46DE8}") = "Domain", "Domain", "{EB17BE1D-A92C-49B5-BFF1-DD75BC7DC94B}"
EndProject
Project("{2150E333-8FDC-42A3-9474-1A3956D46DE8}") = "Application", "Application", "{DB4DF262-E785-497F-B465-440175026F97}"
EndProject
Project("{9A19103F-16F7-4668-BE54-9A1E7A4F7556}") = "EventFlow.MongoDB", "src\EventFlow.MongoDB\EventFlow.MongoDB.csproj", "{2E613E75-75EB-4942-AB35-0BF849DDE871}"
EndProject
Project("{9A19103F-16F7-4668-BE54-9A1E7A4F7556}") = "MyTelegram.Core", "src\MyTelegram.Core\MyTelegram.Core.csproj", "{77D2BB76-B7AF-4200-B799-F19F879F7CB4}"
EndProject
Project("{9A19103F-16F7-4668-BE54-9A1E7A4F7556}") = "MyTelegram.Domain", "src\MyTelegram.Domain\MyTelegram.Domain.csproj", "{88DF870D-E5E7-4CC0-8FF0-60EF746C28AF}"
EndProject
Project("{9A19103F-16F7-4668-BE54-9A1E7A4F7556}") = "MyTelegram.Domain.Shared", "src\MyTelegram.Domain.Shared\MyTelegram.Domain.Shared.csproj", "{117B0121-B9E5-4481-8054-F33D1DA86AEC}"
EndProject
Project("{9A19103F-16F7-4668-BE54-9A1E7A4F7556}") = "MyTelegram.GrpcService", "src\MyTelegram.GrpcService\MyTelegram.GrpcService.csproj", "{B9DC33D2-34E6-4B6B-A22E-D7EFA1380004}"
EndProject
Project("{9A19103F-16F7-4668-BE54-9A1E7A4F7556}") = "MyTelegram.MessengerServer", "src\MyTelegram.MessengerServer\MyTelegram.MessengerServer.csproj", "{E088F401-B5FB-4BF3-939A-7E1A4E9D9CFC}"
EndProject
Project("{9A19103F-16F7-4668-BE54-9A1E7A4F7556}") = "MyTelegram.MessengerServer.Abp", "src\MyTelegram.MessengerServer.Abp\MyTelegram.MessengerServer.Abp.csproj", "{8B37554A-3C19-490D-B522-B166C6DF036E}"
EndProject
Project("{9A19103F-16F7-4668-BE54-9A1E7A4F7556}") = "MyTelegram.MessengerServer.GrpcService", "src\MyTelegram.MessengerServer.GrpcService\MyTelegram.MessengerServer.GrpcService.csproj", "{ECB29B94-3D58-4492-A50D-5767DCBDE029}"
EndProject
Project("{9A19103F-16F7-4668-BE54-9A1E7A4F7556}") = "MyTelegram.Queries", "src\MyTelegram.Queries\MyTelegram.Queries.csproj", "{6BCC94F3-717C-42EB-B051-DCFD15C9A068}"
EndProject
Project("{9A19103F-16F7-4668-BE54-9A1E7A4F7556}") = "MyTelegram.QueryHandlers.MongoDB", "src\MyTelegram.Queries.MongoDB\MyTelegram.QueryHandlers.MongoDB.csproj", "{63EB1637-89E3-485A-AD9F-C49E215B9281}"
EndProject
Project("{9A19103F-16F7-4668-BE54-9A1E7A4F7556}") = "MyTelegram.ReadModel", "src\MyTelegram.ReadModel\MyTelegram.ReadModel.csproj", "{7602FA14-87A9-490E-91E2-BBC0633FE194}"
EndProject
Project("{9A19103F-16F7-4668-BE54-9A1E7A4F7556}") = "MyTelegram.ReadModel.MongoDB", "src\MyTelegram.ReadModel.MongoDB\MyTelegram.ReadModel.MongoDB.csproj", "{1B3840FD-9C14-489F-8E03-DFEDA01207CF}"
EndProject
Project("{2150E333-8FDC-42A3-9474-1A3956D46DE8}") = "ReadModel", "ReadModel", "{3BF8F0CE-05C3-4386-B960-C56F6719D294}"
EndProject
Project("{9A19103F-16F7-4668-BE54-9A1E7A4F7556}") = "MyTelegram.Domain.Tests", "test\MyTelegram.Domain.Tests\MyTelegram.Domain.Tests.csproj", "{1076A82B-A813-44A5-93F6-4CCA1C15090E}"
EndProject
Project("{2150E333-8FDC-42A3-9474-1A3956D46DE8}") = "Infrastructure", "Infrastructure", "{5F3FB626-5C24-4663-9B74-C9257417305E}"
EndProject
Project("{2150E333-8FDC-42A3-9474-1A3956D46DE8}") = "Abp", "Abp", "{32695543-9687-48EE-A8B4-D543927962D5}"
EndProject
Project("{2150E333-8FDC-42A3-9474-1A3956D46DE8}") = "Dapr", "Dapr", "{7B1F9C90-2253-43BD-A477-6606239AA24F}"
EndProject
Project("{9A19103F-16F7-4668-BE54-9A1E7A4F7556}") = "MyTelegram.Abp", "src\MyTelegram.Abp\MyTelegram.Abp.csproj", "{958912D5-31A7-48B2-9DCC-C1735B181918}"
EndProject
Project("{9A19103F-16F7-4668-BE54-9A1E7A4F7556}") = "Microsoft.Cuckoo", "src\Microsoft.Cuckoo\Microsoft.Cuckoo.csproj", "{9B208770-781B-42B0-8F2A-E87B0D5341AD}"
EndProject
Project("{9A19103F-16F7-4668-BE54-9A1E7A4F7556}") = "MyTelegram.ReadModel.InMemory", "src\MyTelegram.ReadModel.InMemory\MyTelegram.ReadModel.InMemory.csproj", "{11F1970C-D03D-4153-B27E-C4774AB4509A}"
EndProject
Project("{9A19103F-16F7-4668-BE54-9A1E7A4F7556}") = "MyTelegram.Domain.IntegrationTests", "test\MyTelegram.Domain.IntegrationTests\MyTelegram.Domain.IntegrationTests.csproj", "{BF85677F-198E-4CAE-A13D-38CA555C9F76}"
EndProject
Project("{9A19103F-16F7-4668-BE54-9A1E7A4F7556}") = "MyTelegram.TestBase", "src\MyTelegram.TestBase\MyTelegram.TestBase.csproj", "{D6842BB0-435B-408A-8040-11FAD9479E79}"
EndProject
Project("{9A19103F-16F7-4668-BE54-9A1E7A4F7556}") = "MyTelegram.QueryHandlers.InMemory", "src\MyTelegram.QueryHandlers.InMemory\MyTelegram.QueryHandlers.InMemory.csproj", "{65D57042-EE58-4EBC-A5EE-B618BB99641D}"
EndProject
Global
	GlobalSection(SolutionConfigurationPlatforms) = preSolution
		Debug|Any CPU = Debug|Any CPU
		Release|Any CPU = Release|Any CPU
	EndGlobalSection
	GlobalSection(ProjectConfigurationPlatforms) = postSolution
		{635E30FB-0B64-41D9-ACCC-BD927FD1A2EB}.Debug|Any CPU.ActiveCfg = Debug|Any CPU
		{635E30FB-0B64-41D9-ACCC-BD927FD1A2EB}.Debug|Any CPU.Build.0 = Debug|Any CPU
		{635E30FB-0B64-41D9-ACCC-BD927FD1A2EB}.Release|Any CPU.ActiveCfg = Release|Any CPU
		{635E30FB-0B64-41D9-ACCC-BD927FD1A2EB}.Release|Any CPU.Build.0 = Release|Any CPU
		{F86A6EBD-7FCC-4349-865B-BADF2AC331C2}.Debug|Any CPU.ActiveCfg = Debug|Any CPU
		{F86A6EBD-7FCC-4349-865B-BADF2AC331C2}.Debug|Any CPU.Build.0 = Debug|Any CPU
		{F86A6EBD-7FCC-4349-865B-BADF2AC331C2}.Release|Any CPU.ActiveCfg = Release|Any CPU
		{F86A6EBD-7FCC-4349-865B-BADF2AC331C2}.Release|Any CPU.Build.0 = Release|Any CPU
		{2E613E75-75EB-4942-AB35-0BF849DDE871}.Debug|Any CPU.ActiveCfg = Debug|Any CPU
		{2E613E75-75EB-4942-AB35-0BF849DDE871}.Debug|Any CPU.Build.0 = Debug|Any CPU
		{2E613E75-75EB-4942-AB35-0BF849DDE871}.Release|Any CPU.ActiveCfg = Release|Any CPU
		{2E613E75-75EB-4942-AB35-0BF849DDE871}.Release|Any CPU.Build.0 = Release|Any CPU
		{77D2BB76-B7AF-4200-B799-F19F879F7CB4}.Debug|Any CPU.ActiveCfg = Debug|Any CPU
		{77D2BB76-B7AF-4200-B799-F19F879F7CB4}.Debug|Any CPU.Build.0 = Debug|Any CPU
		{77D2BB76-B7AF-4200-B799-F19F879F7CB4}.Release|Any CPU.ActiveCfg = Release|Any CPU
		{77D2BB76-B7AF-4200-B799-F19F879F7CB4}.Release|Any CPU.Build.0 = Release|Any CPU
		{88DF870D-E5E7-4CC0-8FF0-60EF746C28AF}.Debug|Any CPU.ActiveCfg = Debug|Any CPU
		{88DF870D-E5E7-4CC0-8FF0-60EF746C28AF}.Debug|Any CPU.Build.0 = Debug|Any CPU
		{88DF870D-E5E7-4CC0-8FF0-60EF746C28AF}.Release|Any CPU.ActiveCfg = Release|Any CPU
		{88DF870D-E5E7-4CC0-8FF0-60EF746C28AF}.Release|Any CPU.Build.0 = Release|Any CPU
		{117B0121-B9E5-4481-8054-F33D1DA86AEC}.Debug|Any CPU.ActiveCfg = Debug|Any CPU
		{117B0121-B9E5-4481-8054-F33D1DA86AEC}.Debug|Any CPU.Build.0 = Debug|Any CPU
		{117B0121-B9E5-4481-8054-F33D1DA86AEC}.Release|Any CPU.ActiveCfg = Release|Any CPU
		{117B0121-B9E5-4481-8054-F33D1DA86AEC}.Release|Any CPU.Build.0 = Release|Any CPU
		{B9DC33D2-34E6-4B6B-A22E-D7EFA1380004}.Debug|Any CPU.ActiveCfg = Debug|Any CPU
		{B9DC33D2-34E6-4B6B-A22E-D7EFA1380004}.Debug|Any CPU.Build.0 = Debug|Any CPU
		{B9DC33D2-34E6-4B6B-A22E-D7EFA1380004}.Release|Any CPU.ActiveCfg = Release|Any CPU
		{B9DC33D2-34E6-4B6B-A22E-D7EFA1380004}.Release|Any CPU.Build.0 = Release|Any CPU
		{E088F401-B5FB-4BF3-939A-7E1A4E9D9CFC}.Debug|Any CPU.ActiveCfg = Debug|Any CPU
		{E088F401-B5FB-4BF3-939A-7E1A4E9D9CFC}.Debug|Any CPU.Build.0 = Debug|Any CPU
		{E088F401-B5FB-4BF3-939A-7E1A4E9D9CFC}.Release|Any CPU.ActiveCfg = Release|Any CPU
		{E088F401-B5FB-4BF3-939A-7E1A4E9D9CFC}.Release|Any CPU.Build.0 = Release|Any CPU
		{8B37554A-3C19-490D-B522-B166C6DF036E}.Debug|Any CPU.ActiveCfg = Debug|Any CPU
		{8B37554A-3C19-490D-B522-B166C6DF036E}.Debug|Any CPU.Build.0 = Debug|Any CPU
		{8B37554A-3C19-490D-B522-B166C6DF036E}.Release|Any CPU.ActiveCfg = Release|Any CPU
		{8B37554A-3C19-490D-B522-B166C6DF036E}.Release|Any CPU.Build.0 = Release|Any CPU
		{ECB29B94-3D58-4492-A50D-5767DCBDE029}.Debug|Any CPU.ActiveCfg = Debug|Any CPU
		{ECB29B94-3D58-4492-A50D-5767DCBDE029}.Debug|Any CPU.Build.0 = Debug|Any CPU
		{ECB29B94-3D58-4492-A50D-5767DCBDE029}.Release|Any CPU.ActiveCfg = Release|Any CPU
		{ECB29B94-3D58-4492-A50D-5767DCBDE029}.Release|Any CPU.Build.0 = Release|Any CPU
		{6BCC94F3-717C-42EB-B051-DCFD15C9A068}.Debug|Any CPU.ActiveCfg = Debug|Any CPU
		{6BCC94F3-717C-42EB-B051-DCFD15C9A068}.Debug|Any CPU.Build.0 = Debug|Any CPU
		{6BCC94F3-717C-42EB-B051-DCFD15C9A068}.Release|Any CPU.ActiveCfg = Release|Any CPU
		{6BCC94F3-717C-42EB-B051-DCFD15C9A068}.Release|Any CPU.Build.0 = Release|Any CPU
		{63EB1637-89E3-485A-AD9F-C49E215B9281}.Debug|Any CPU.ActiveCfg = Debug|Any CPU
		{63EB1637-89E3-485A-AD9F-C49E215B9281}.Debug|Any CPU.Build.0 = Debug|Any CPU
		{63EB1637-89E3-485A-AD9F-C49E215B9281}.Release|Any CPU.ActiveCfg = Release|Any CPU
		{63EB1637-89E3-485A-AD9F-C49E215B9281}.Release|Any CPU.Build.0 = Release|Any CPU
		{7602FA14-87A9-490E-91E2-BBC0633FE194}.Debug|Any CPU.ActiveCfg = Debug|Any CPU
		{7602FA14-87A9-490E-91E2-BBC0633FE194}.Debug|Any CPU.Build.0 = Debug|Any CPU
		{7602FA14-87A9-490E-91E2-BBC0633FE194}.Release|Any CPU.ActiveCfg = Release|Any CPU
		{7602FA14-87A9-490E-91E2-BBC0633FE194}.Release|Any CPU.Build.0 = Release|Any CPU
		{1B3840FD-9C14-489F-8E03-DFEDA01207CF}.Debug|Any CPU.ActiveCfg = Debug|Any CPU
		{1B3840FD-9C14-489F-8E03-DFEDA01207CF}.Debug|Any CPU.Build.0 = Debug|Any CPU
		{1B3840FD-9C14-489F-8E03-DFEDA01207CF}.Release|Any CPU.ActiveCfg = Release|Any CPU
		{1B3840FD-9C14-489F-8E03-DFEDA01207CF}.Release|Any CPU.Build.0 = Release|Any CPU
		{1076A82B-A813-44A5-93F6-4CCA1C15090E}.Debug|Any CPU.ActiveCfg = Debug|Any CPU
		{1076A82B-A813-44A5-93F6-4CCA1C15090E}.Debug|Any CPU.Build.0 = Debug|Any CPU
		{1076A82B-A813-44A5-93F6-4CCA1C15090E}.Release|Any CPU.ActiveCfg = Release|Any CPU
		{1076A82B-A813-44A5-93F6-4CCA1C15090E}.Release|Any CPU.Build.0 = Release|Any CPU
		{958912D5-31A7-48B2-9DCC-C1735B181918}.Debug|Any CPU.ActiveCfg = Debug|Any CPU
		{958912D5-31A7-48B2-9DCC-C1735B181918}.Debug|Any CPU.Build.0 = Debug|Any CPU
		{958912D5-31A7-48B2-9DCC-C1735B181918}.Release|Any CPU.ActiveCfg = Release|Any CPU
		{958912D5-31A7-48B2-9DCC-C1735B181918}.Release|Any CPU.Build.0 = Release|Any CPU
		{9B208770-781B-42B0-8F2A-E87B0D5341AD}.Debug|Any CPU.ActiveCfg = Debug|Any CPU
		{9B208770-781B-42B0-8F2A-E87B0D5341AD}.Debug|Any CPU.Build.0 = Debug|Any CPU
		{9B208770-781B-42B0-8F2A-E87B0D5341AD}.Release|Any CPU.ActiveCfg = Release|Any CPU
		{9B208770-781B-42B0-8F2A-E87B0D5341AD}.Release|Any CPU.Build.0 = Release|Any CPU
		{11F1970C-D03D-4153-B27E-C4774AB4509A}.Debug|Any CPU.ActiveCfg = Debug|Any CPU
		{11F1970C-D03D-4153-B27E-C4774AB4509A}.Debug|Any CPU.Build.0 = Debug|Any CPU
		{11F1970C-D03D-4153-B27E-C4774AB4509A}.Release|Any CPU.ActiveCfg = Release|Any CPU
		{11F1970C-D03D-4153-B27E-C4774AB4509A}.Release|Any CPU.Build.0 = Release|Any CPU
		{BF85677F-198E-4CAE-A13D-38CA555C9F76}.Debug|Any CPU.ActiveCfg = Debug|Any CPU
		{BF85677F-198E-4CAE-A13D-38CA555C9F76}.Debug|Any CPU.Build.0 = Debug|Any CPU
		{BF85677F-198E-4CAE-A13D-38CA555C9F76}.Release|Any CPU.ActiveCfg = Release|Any CPU
		{BF85677F-198E-4CAE-A13D-38CA555C9F76}.Release|Any CPU.Build.0 = Release|Any CPU
		{D6842BB0-435B-408A-8040-11FAD9479E79}.Debug|Any CPU.ActiveCfg = Debug|Any CPU
		{D6842BB0-435B-408A-8040-11FAD9479E79}.Debug|Any CPU.Build.0 = Debug|Any CPU
		{D6842BB0-435B-408A-8040-11FAD9479E79}.Release|Any CPU.ActiveCfg = Release|Any CPU
		{D6842BB0-435B-408A-8040-11FAD9479E79}.Release|Any CPU.Build.0 = Release|Any CPU
		{65D57042-EE58-4EBC-A5EE-B618BB99641D}.Debug|Any CPU.ActiveCfg = Debug|Any CPU
		{65D57042-EE58-4EBC-A5EE-B618BB99641D}.Debug|Any CPU.Build.0 = Debug|Any CPU
		{65D57042-EE58-4EBC-A5EE-B618BB99641D}.Release|Any CPU.ActiveCfg = Release|Any CPU
		{65D57042-EE58-4EBC-A5EE-B618BB99641D}.Release|Any CPU.Build.0 = Release|Any CPU
	EndGlobalSection
	GlobalSection(SolutionProperties) = preSolution
		HideSolutionNode = FALSE
	EndGlobalSection
	GlobalSection(NestedProjects) = preSolution
		{635E30FB-0B64-41D9-ACCC-BD927FD1A2EB} = {5F3FB626-5C24-4663-9B74-C9257417305E}
		{F86A6EBD-7FCC-4349-865B-BADF2AC331C2} = {91ACB8C4-58D1-42AC-A233-248BC18925B7}
		{EB17BE1D-A92C-49B5-BFF1-DD75BC7DC94B} = {2DA560C9-CF55-4AE8-9876-035A24D70098}
		{DB4DF262-E785-497F-B465-440175026F97} = {2DA560C9-CF55-4AE8-9876-035A24D70098}
		{2E613E75-75EB-4942-AB35-0BF849DDE871} = {5F3FB626-5C24-4663-9B74-C9257417305E}
		{77D2BB76-B7AF-4200-B799-F19F879F7CB4} = {5F3FB626-5C24-4663-9B74-C9257417305E}
		{88DF870D-E5E7-4CC0-8FF0-60EF746C28AF} = {EB17BE1D-A92C-49B5-BFF1-DD75BC7DC94B}
		{117B0121-B9E5-4481-8054-F33D1DA86AEC} = {EB17BE1D-A92C-49B5-BFF1-DD75BC7DC94B}
		{B9DC33D2-34E6-4B6B-A22E-D7EFA1380004} = {DB4DF262-E785-497F-B465-440175026F97}
		{E088F401-B5FB-4BF3-939A-7E1A4E9D9CFC} = {DB4DF262-E785-497F-B465-440175026F97}
		{8B37554A-3C19-490D-B522-B166C6DF036E} = {32695543-9687-48EE-A8B4-D543927962D5}
		{ECB29B94-3D58-4492-A50D-5767DCBDE029} = {DB4DF262-E785-497F-B465-440175026F97}
		{6BCC94F3-717C-42EB-B051-DCFD15C9A068} = {3BF8F0CE-05C3-4386-B960-C56F6719D294}
		{63EB1637-89E3-485A-AD9F-C49E215B9281} = {3BF8F0CE-05C3-4386-B960-C56F6719D294}
		{7602FA14-87A9-490E-91E2-BBC0633FE194} = {3BF8F0CE-05C3-4386-B960-C56F6719D294}
		{1B3840FD-9C14-489F-8E03-DFEDA01207CF} = {3BF8F0CE-05C3-4386-B960-C56F6719D294}
		{3BF8F0CE-05C3-4386-B960-C56F6719D294} = {2DA560C9-CF55-4AE8-9876-035A24D70098}
		{1076A82B-A813-44A5-93F6-4CCA1C15090E} = {91ACB8C4-58D1-42AC-A233-248BC18925B7}
		{5F3FB626-5C24-4663-9B74-C9257417305E} = {2DA560C9-CF55-4AE8-9876-035A24D70098}
		{32695543-9687-48EE-A8B4-D543927962D5} = {DB4DF262-E785-497F-B465-440175026F97}
		{7B1F9C90-2253-43BD-A477-6606239AA24F} = {DB4DF262-E785-497F-B465-440175026F97}
		{958912D5-31A7-48B2-9DCC-C1735B181918} = {32695543-9687-48EE-A8B4-D543927962D5}
		{9B208770-781B-42B0-8F2A-E87B0D5341AD} = {5F3FB626-5C24-4663-9B74-C9257417305E}
		{11F1970C-D03D-4153-B27E-C4774AB4509A} = {3BF8F0CE-05C3-4386-B960-C56F6719D294}
		{BF85677F-198E-4CAE-A13D-38CA555C9F76} = {91ACB8C4-58D1-42AC-A233-248BC18925B7}
		{D6842BB0-435B-408A-8040-11FAD9479E79} = {5F3FB626-5C24-4663-9B74-C9257417305E}
		{65D57042-EE58-4EBC-A5EE-B618BB99641D} = {3BF8F0CE-05C3-4386-B960-C56F6719D294}
	EndGlobalSection
	GlobalSection(ExtensibilityGlobals) = postSolution
		SolutionGuid = {A8E7A112-1B80-4DCC-9884-5069D0E3B651}
	EndGlobalSection
EndGlobal
