
Microsoft Visual Studio Solution File, Format Version 12.00
# Visual Studio Version 18
VisualStudioVersion = 18.0.11121.172 d18.0
MinimumVisualStudioVersion = 10.0.40219.1
Project("{2150E333-8FDC-42A3-9474-1A3956D46DE8}") = "src", "src", "{2DA560C9-CF55-4AE8-9876-035A24D70098}"
EndProject
Project("{2150E333-8FDC-42A3-9474-1A3956D46DE8}") = "test", "test", "{91ACB8C4-58D1-42AC-A233-248BC18925B7}"
EndProject
Project("{9A19103F-16F7-4668-BE54-9A1E7A4F7556}") = "MyTelegram.Schema", "src\MyTelegram.Schema\MyTelegram.Schema.csproj", "{635E30FB-0B64-41D9-ACCC-BD927FD1A2EB}"
EndProject
Project("{9A19103F-16F7-4668-BE54-9A1E7A4F7556}") = "MyTelegram.Schema.Tests", "test\MyTelegram.Schema.Tests\MyTelegram.Schema.Tests.csproj", "{F86A6EBD-7FCC-4349-865B-BADF2AC331C2}"
EndProject
Project("{2150E333-8FDC-42A3-9474-1A3956D46DE8}") = "Domain", "Domain", "{EB17BE1D-A92C-49B5-BFF1-DD75BC7DC94B}"
EndProject
Project("{2150E333-8FDC-42A3-9474-1A3956D46DE8}") = "Application", "Application", "{DB4DF262-E785-497F-B465-440175026F97}"
EndProject
Project("{9A19103F-16F7-4668-BE54-9A1E7A4F7556}") = "MyTelegram.Core", "src\MyTelegram.Core\MyTelegram.Core.csproj", "{77D2BB76-B7AF-4200-B799-F19F879F7CB4}"
EndProject
Project("{9A19103F-16F7-4668-BE54-9A1E7A4F7556}") = "MyTelegram.Domain", "src\MyTelegram.Domain\MyTelegram.Domain.csproj", "{88DF870D-E5E7-4CC0-8FF0-60EF746C28AF}"
EndProject
Project("{9A19103F-16F7-4668-BE54-9A1E7A4F7556}") = "MyTelegram.Domain.Shared", "src\MyTelegram.Domain.Shared\MyTelegram.Domain.Shared.csproj", "{117B0121-B9E5-4481-8054-F33D1DA86AEC}"
EndProject
Project("{9A19103F-16F7-4668-BE54-9A1E7A4F7556}") = "MyTelegram.GrpcService", "src\MyTelegram.GrpcService\MyTelegram.GrpcService.csproj", "{B9DC33D2-34E6-4B6B-A22E-D7EFA1380004}"
EndProject
Project("{9A19103F-16F7-4668-BE54-9A1E7A4F7556}") = "MyTelegram.Queries", "src\MyTelegram.Queries\MyTelegram.Queries.csproj", "{6BCC94F3-717C-42EB-B051-DCFD15C9A068}"
EndProject
Project("{9A19103F-16F7-4668-BE54-9A1E7A4F7556}") = "MyTelegram.ReadModel", "src\MyTelegram.ReadModel\MyTelegram.ReadModel.csproj", "{7602FA14-87A9-490E-91E2-BBC0633FE194}"
EndProject
Project("{9A19103F-16F7-4668-BE54-9A1E7A4F7556}") = "MyTelegram.ReadModel.MongoDB", "src\MyTelegram.ReadModel.MongoDB\MyTelegram.ReadModel.MongoDB.csproj", "{1B3840FD-9C14-489F-8E03-DFEDA01207CF}"
EndProject
Project("{2150E333-8FDC-42A3-9474-1A3956D46DE8}") = "ReadModel", "ReadModel", "{3BF8F0CE-05C3-4386-B960-C56F6719D294}"
EndProject
Project("{9A19103F-16F7-4668-BE54-9A1E7A4F7556}") = "MyTelegram.Domain.Tests", "test\MyTelegram.Domain.Tests\MyTelegram.Domain.Tests.csproj", "{1076A82B-A813-44A5-93F6-4CCA1C15090E}"
EndProject
Project("{2150E333-8FDC-42A3-9474-1A3956D46DE8}") = "Infrastructure", "Infrastructure", "{5F3FB626-5C24-4663-9B74-C9257417305E}"
EndProject
Project("{9A19103F-16F7-4668-BE54-9A1E7A4F7556}") = "MyTelegram.ReadModel.InMemory", "src\MyTelegram.ReadModel.InMemory\MyTelegram.ReadModel.InMemory.csproj", "{11F1970C-D03D-4153-B27E-C4774AB4509A}"
EndProject
Project("{9A19103F-16F7-4668-BE54-9A1E7A4F7556}") = "MyTelegram.Domain.IntegrationTests", "test\MyTelegram.Domain.IntegrationTests\MyTelegram.Domain.IntegrationTests.csproj", "{BF85677F-198E-4CAE-A13D-38CA555C9F76}"
EndProject
Project("{9A19103F-16F7-4668-BE54-9A1E7A4F7556}") = "MyTelegram.TestBase", "src\MyTelegram.TestBase\MyTelegram.TestBase.csproj", "{D6842BB0-435B-408A-8040-11FAD9479E79}"
EndProject
Project("{9A19103F-16F7-4668-BE54-9A1E7A4F7556}") = "MyTelegram.QueryHandlers.InMemory", "src\MyTelegram.QueryHandlers.InMemory\MyTelegram.QueryHandlers.InMemory.csproj", "{65D57042-EE58-4EBC-A5EE-B618BB99641D}"
EndProject
Project("{9A19103F-16F7-4668-BE54-9A1E7A4F7556}") = "MyTelegram.SmsSender", "src\MyTelegram.SmsSender\MyTelegram.SmsSender.csproj", "{165F6836-4B8F-48E0-AFC4-8D2A0286F3F5}"
EndProject
Project("{9A19103F-16F7-4668-BE54-9A1E7A4F7556}") = "MyTelegram.EventBus", "src\MyTelegram.EventBus\MyTelegram.EventBus.csproj", "{F23531FF-582D-48BA-988A-C484B86B44B2}"
EndProject
Project("{9A19103F-16F7-4668-BE54-9A1E7A4F7556}") = "MyTelegram.EventFlow.MongoDB", "src\MyTelegram.EventFlow.MongoDB\MyTelegram.EventFlow.MongoDB.csproj", "{175B77B0-25DB-47C4-881B-DEC3FAADF78A}"
EndProject
Project("{9A19103F-16F7-4668-BE54-9A1E7A4F7556}") = "MyTelegram.Caching.Redis", "src\MyTelegram.Caching.Redis\MyTelegram.Caching.Redis.csproj", "{7F5612B7-188E-42D1-9F41-3CC32062519B}"
EndProject
Project("{9A19103F-16F7-4668-BE54-9A1E7A4F7556}") = "MyTelegram.MTProto", "src\MyTelegram.MTProto\MyTelegram.MTProto.csproj", "{44C09B7D-9917-4AFE-809C-2DA8E93048DD}"
EndProject
Project("{9A19103F-16F7-4668-BE54-9A1E7A4F7556}") = "MyTelegram.MTProto.Tests", "test\MyTelegram.MTProto.Tests\MyTelegram.MTProto.Tests.csproj", "{816A9714-67FD-42BA-8411-3AD9B0A90701}"
EndProject
Project("{9A19103F-16F7-4668-BE54-9A1E7A4F7556}") = "MyTelegram.GatewayServer", "src\MyTelegram.GatewayServer\MyTelegram.GatewayServer.csproj", "{5BFC0B2E-0DD2-48D4-AD4F-7245687C34F7}"
EndProject
Project("{9A19103F-16F7-4668-BE54-9A1E7A4F7556}") = "MyTelegram.Messenger", "src\MyTelegram.Messenger\MyTelegram.Messenger.csproj", "{9967162A-3ABF-44A9-B796-D1925B257805}"
EndProject
Project("{9A19103F-16F7-4668-BE54-9A1E7A4F7556}") = "MyTelegram.Messenger.CommandServer", "src\MyTelegram.Messenger.CommandServer\MyTelegram.Messenger.CommandServer.csproj", "{18483359-47B7-4FB7-9BAE-F598105B15F5}"
EndProject
Project("{9A19103F-16F7-4668-BE54-9A1E7A4F7556}") = "MyTelegram.Messenger.QueryServer", "src\MyTelegram.Messenger.QueryServer\MyTelegram.Messenger.QueryServer.csproj", "{ACCB7A7F-19E2-4593-B6A0-97989D6B78E6}"
EndProject
Project("{9A19103F-16F7-4668-BE54-9A1E7A4F7556}") = "MyTelegram.Services", "src\MyTelegram.Services\MyTelegram.Services.csproj", "{0A9D2AE0-F943-408E-B740-2101DDF865CE}"
EndProject
Project("{9A19103F-16F7-4668-BE54-9A1E7A4F7556}") = "MyTelegram.EventFlow", "src\MyTelegram.EventFlow\MyTelegram.EventFlow.csproj", "{D4E1CD1A-EA33-48B8-A965-D55F82CCFBC5}"
EndProject
Project("{9A19103F-16F7-4668-BE54-9A1E7A4F7556}") = "MyTelegram.TestApp", "src\MyTelegram.TestApp\MyTelegram.TestApp.csproj", "{8D070E04-ABCE-439F-A7A9-864D73225D34}"
EndProject
Project("{9A19103F-16F7-4668-BE54-9A1E7A4F7556}") = "MyTelegram.AuthServer", "src\MyTelegram.AuthServer\MyTelegram.AuthServer.csproj", "{A45E8362-191B-4CF4-BC0C-89F81C5A17FE}"
EndProject
Project("{FAE04EC0-301F-11D3-BF4B-00C04F79EFBC}") = "MyTelegram.ReadModel.Interfaces", "src\MyTelegram.ReadModel.Interfaces\MyTelegram.ReadModel.Interfaces.csproj", "{A5AD515A-B43E-C625-1B44-589AAA14686C}"
EndProject
Project("{FAE04EC0-301F-11D3-BF4B-00C04F79EFBC}") = "MyTelegram.Services.Tests", "test\MyTelegram.Services.Tests\MyTelegram.Services.Tests.csproj", "{8CD9759A-0026-33FC-DE4B-6BE3229B5109}"
EndProject
Project("{FAE04EC0-301F-11D3-BF4B-00C04F79EFBC}") = "MyTelegram.QueryHandlers.MongoDB", "src\MyTelegram.QueryHandlers.MongoDB\MyTelegram.QueryHandlers.MongoDB.csproj", "{710834A8-C271-4853-7B3D-1661A2535D9C}"
EndProject
Project("{FAE04EC0-301F-11D3-BF4B-00C04F79EFBC}") = "MyTelegram.Converters", "src\MyTelegram.Converters\MyTelegram.Converters.csproj", "{2970172B-D8E3-F5AC-ABE1-F96E39F15A80}"
EndProject
Project("{FAE04EC0-301F-11D3-BF4B-00C04F79EFBC}") = "MyTelegram.DataSeeder", "src\MyTelegram.DataSeeder\MyTelegram.DataSeeder.csproj", "{AE915013-50A2-6610-F705-53059D40139B}"
EndProject
Project("{FAE04EC0-301F-11D3-BF4B-00C04F79EFBC}") = "MyTelegram.Abstractions", "src\MyTelegram.Abstractions\MyTelegram.Abstractions.csproj", "{81E53953-EFD5-F7BE-C844-FEC29CA7B3F7}"
EndProject
Project("{FAE04EC0-301F-11D3-BF4B-00C04F79EFBC}") = "MyTelegram.EventBus.RabbitMQ", "src\MyTelegram.EventBus.RabbitMQ\MyTelegram.EventBus.RabbitMQ.csproj", "{87FBEAB7-2F9A-EAAC-084E-F9408151E00B}"
EndProject
Global
	GlobalSection(SolutionConfigurationPlatforms) = preSolution
		Debug|Any CPU = Debug|Any CPU
		Release|Any CPU = Release|Any CPU
	EndGlobalSection
	GlobalSection(ProjectConfigurationPlatforms) = postSolution
		{635E30FB-0B64-41D9-ACCC-BD927FD1A2EB}.Debug|Any CPU.ActiveCfg = Debug|Any CPU
		{635E30FB-0B64-41D9-ACCC-BD927FD1A2EB}.Debug|Any CPU.Build.0 = Debug|Any CPU
		{635E30FB-0B64-41D9-ACCC-BD927FD1A2EB}.Release|Any CPU.ActiveCfg = Release|Any CPU
		{635E30FB-0B64-41D9-ACCC-BD927FD1A2EB}.Release|Any CPU.Build.0 = Release|Any CPU
		{F86A6EBD-7FCC-4349-865B-BADF2AC331C2}.Debug|Any CPU.ActiveCfg = Debug|Any CPU
		{F86A6EBD-7FCC-4349-865B-BADF2AC331C2}.Debug|Any CPU.Build.0 = Debug|Any CPU
		{F86A6EBD-7FCC-4349-865B-BADF2AC331C2}.Release|Any CPU.ActiveCfg = Release|Any CPU
		{F86A6EBD-7FCC-4349-865B-BADF2AC331C2}.Release|Any CPU.Build.0 = Release|Any CPU
		{77D2BB76-B7AF-4200-B799-F19F879F7CB4}.Debug|Any CPU.ActiveCfg = Debug|Any CPU
		{77D2BB76-B7AF-4200-B799-F19F879F7CB4}.Debug|Any CPU.Build.0 = Debug|Any CPU
		{77D2BB76-B7AF-4200-B799-F19F879F7CB4}.Release|Any CPU.ActiveCfg = Release|Any CPU
		{77D2BB76-B7AF-4200-B799-F19F879F7CB4}.Release|Any CPU.Build.0 = Release|Any CPU
		{88DF870D-E5E7-4CC0-8FF0-60EF746C28AF}.Debug|Any CPU.ActiveCfg = Debug|Any CPU
		{88DF870D-E5E7-4CC0-8FF0-60EF746C28AF}.Debug|Any CPU.Build.0 = Debug|Any CPU
		{88DF870D-E5E7-4CC0-8FF0-60EF746C28AF}.Release|Any CPU.ActiveCfg = Release|Any CPU
		{88DF870D-E5E7-4CC0-8FF0-60EF746C28AF}.Release|Any CPU.Build.0 = Release|Any CPU
		{117B0121-B9E5-4481-8054-F33D1DA86AEC}.Debug|Any CPU.ActiveCfg = Debug|Any CPU
		{117B0121-B9E5-4481-8054-F33D1DA86AEC}.Debug|Any CPU.Build.0 = Debug|Any CPU
		{117B0121-B9E5-4481-8054-F33D1DA86AEC}.Release|Any CPU.ActiveCfg = Release|Any CPU
		{117B0121-B9E5-4481-8054-F33D1DA86AEC}.Release|Any CPU.Build.0 = Release|Any CPU
		{B9DC33D2-34E6-4B6B-A22E-D7EFA1380004}.Debug|Any CPU.ActiveCfg = Debug|Any CPU
		{B9DC33D2-34E6-4B6B-A22E-D7EFA1380004}.Debug|Any CPU.Build.0 = Debug|Any CPU
		{B9DC33D2-34E6-4B6B-A22E-D7EFA1380004}.Release|Any CPU.ActiveCfg = Release|Any CPU
		{B9DC33D2-34E6-4B6B-A22E-D7EFA1380004}.Release|Any CPU.Build.0 = Release|Any CPU
		{6BCC94F3-717C-42EB-B051-DCFD15C9A068}.Debug|Any CPU.ActiveCfg = Debug|Any CPU
		{6BCC94F3-717C-42EB-B051-DCFD15C9A068}.Debug|Any CPU.Build.0 = Debug|Any CPU
		{6BCC94F3-717C-42EB-B051-DCFD15C9A068}.Release|Any CPU.ActiveCfg = Release|Any CPU
		{6BCC94F3-717C-42EB-B051-DCFD15C9A068}.Release|Any CPU.Build.0 = Release|Any CPU
		{7602FA14-87A9-490E-91E2-BBC0633FE194}.Debug|Any CPU.ActiveCfg = Debug|Any CPU
		{7602FA14-87A9-490E-91E2-BBC0633FE194}.Debug|Any CPU.Build.0 = Debug|Any CPU
		{7602FA14-87A9-490E-91E2-BBC0633FE194}.Release|Any CPU.ActiveCfg = Release|Any CPU
		{7602FA14-87A9-490E-91E2-BBC0633FE194}.Release|Any CPU.Build.0 = Release|Any CPU
		{1B3840FD-9C14-489F-8E03-DFEDA01207CF}.Debug|Any CPU.ActiveCfg = Debug|Any CPU
		{1B3840FD-9C14-489F-8E03-DFEDA01207CF}.Debug|Any CPU.Build.0 = Debug|Any CPU
		{1B3840FD-9C14-489F-8E03-DFEDA01207CF}.Release|Any CPU.ActiveCfg = Release|Any CPU
		{1B3840FD-9C14-489F-8E03-DFEDA01207CF}.Release|Any CPU.Build.0 = Release|Any CPU
		{1076A82B-A813-44A5-93F6-4CCA1C15090E}.Debug|Any CPU.ActiveCfg = Debug|Any CPU
		{1076A82B-A813-44A5-93F6-4CCA1C15090E}.Debug|Any CPU.Build.0 = Debug|Any CPU
		{1076A82B-A813-44A5-93F6-4CCA1C15090E}.Release|Any CPU.ActiveCfg = Release|Any CPU
		{1076A82B-A813-44A5-93F6-4CCA1C15090E}.Release|Any CPU.Build.0 = Release|Any CPU
		{11F1970C-D03D-4153-B27E-C4774AB4509A}.Debug|Any CPU.ActiveCfg = Debug|Any CPU
		{11F1970C-D03D-4153-B27E-C4774AB4509A}.Debug|Any CPU.Build.0 = Debug|Any CPU
		{11F1970C-D03D-4153-B27E-C4774AB4509A}.Release|Any CPU.ActiveCfg = Release|Any CPU
		{11F1970C-D03D-4153-B27E-C4774AB4509A}.Release|Any CPU.Build.0 = Release|Any CPU
		{BF85677F-198E-4CAE-A13D-38CA555C9F76}.Debug|Any CPU.ActiveCfg = Debug|Any CPU
		{BF85677F-198E-4CAE-A13D-38CA555C9F76}.Debug|Any CPU.Build.0 = Debug|Any CPU
		{BF85677F-198E-4CAE-A13D-38CA555C9F76}.Release|Any CPU.ActiveCfg = Release|Any CPU
		{BF85677F-198E-4CAE-A13D-38CA555C9F76}.Release|Any CPU.Build.0 = Release|Any CPU
		{D6842BB0-435B-408A-8040-11FAD9479E79}.Debug|Any CPU.ActiveCfg = Debug|Any CPU
		{D6842BB0-435B-408A-8040-11FAD9479E79}.Debug|Any CPU.Build.0 = Debug|Any CPU
		{D6842BB0-435B-408A-8040-11FAD9479E79}.Release|Any CPU.ActiveCfg = Release|Any CPU
		{D6842BB0-435B-408A-8040-11FAD9479E79}.Release|Any CPU.Build.0 = Release|Any CPU
		{65D57042-EE58-4EBC-A5EE-B618BB99641D}.Debug|Any CPU.ActiveCfg = Debug|Any CPU
		{65D57042-EE58-4EBC-A5EE-B618BB99641D}.Debug|Any CPU.Build.0 = Debug|Any CPU
		{65D57042-EE58-4EBC-A5EE-B618BB99641D}.Release|Any CPU.ActiveCfg = Release|Any CPU
		{65D57042-EE58-4EBC-A5EE-B618BB99641D}.Release|Any CPU.Build.0 = Release|Any CPU
		{165F6836-4B8F-48E0-AFC4-8D2A0286F3F5}.Debug|Any CPU.ActiveCfg = Debug|Any CPU
		{165F6836-4B8F-48E0-AFC4-8D2A0286F3F5}.Debug|Any CPU.Build.0 = Debug|Any CPU
		{165F6836-4B8F-48E0-AFC4-8D2A0286F3F5}.Release|Any CPU.ActiveCfg = Release|Any CPU
		{165F6836-4B8F-48E0-AFC4-8D2A0286F3F5}.Release|Any CPU.Build.0 = Release|Any CPU
		{F23531FF-582D-48BA-988A-C484B86B44B2}.Debug|Any CPU.ActiveCfg = Debug|Any CPU
		{F23531FF-582D-48BA-988A-C484B86B44B2}.Debug|Any CPU.Build.0 = Debug|Any CPU
		{F23531FF-582D-48BA-988A-C484B86B44B2}.Release|Any CPU.ActiveCfg = Release|Any CPU
		{F23531FF-582D-48BA-988A-C484B86B44B2}.Release|Any CPU.Build.0 = Release|Any CPU
		{175B77B0-25DB-47C4-881B-DEC3FAADF78A}.Debug|Any CPU.ActiveCfg = Debug|Any CPU
		{175B77B0-25DB-47C4-881B-DEC3FAADF78A}.Debug|Any CPU.Build.0 = Debug|Any CPU
		{175B77B0-25DB-47C4-881B-DEC3FAADF78A}.Release|Any CPU.ActiveCfg = Release|Any CPU
		{175B77B0-25DB-47C4-881B-DEC3FAADF78A}.Release|Any CPU.Build.0 = Release|Any CPU
		{7F5612B7-188E-42D1-9F41-3CC32062519B}.Debug|Any CPU.ActiveCfg = Debug|Any CPU
		{7F5612B7-188E-42D1-9F41-3CC32062519B}.Debug|Any CPU.Build.0 = Debug|Any CPU
		{7F5612B7-188E-42D1-9F41-3CC32062519B}.Release|Any CPU.ActiveCfg = Release|Any CPU
		{7F5612B7-188E-42D1-9F41-3CC32062519B}.Release|Any CPU.Build.0 = Release|Any CPU
		{44C09B7D-9917-4AFE-809C-2DA8E93048DD}.Debug|Any CPU.ActiveCfg = Debug|Any CPU
		{44C09B7D-9917-4AFE-809C-2DA8E93048DD}.Debug|Any CPU.Build.0 = Debug|Any CPU
		{44C09B7D-9917-4AFE-809C-2DA8E93048DD}.Release|Any CPU.ActiveCfg = Release|Any CPU
		{44C09B7D-9917-4AFE-809C-2DA8E93048DD}.Release|Any CPU.Build.0 = Release|Any CPU
		{816A9714-67FD-42BA-8411-3AD9B0A90701}.Debug|Any CPU.ActiveCfg = Debug|Any CPU
		{816A9714-67FD-42BA-8411-3AD9B0A90701}.Debug|Any CPU.Build.0 = Debug|Any CPU
		{816A9714-67FD-42BA-8411-3AD9B0A90701}.Release|Any CPU.ActiveCfg = Release|Any CPU
		{816A9714-67FD-42BA-8411-3AD9B0A90701}.Release|Any CPU.Build.0 = Release|Any CPU
		{5BFC0B2E-0DD2-48D4-AD4F-7245687C34F7}.Debug|Any CPU.ActiveCfg = Debug|Any CPU
		{5BFC0B2E-0DD2-48D4-AD4F-7245687C34F7}.Debug|Any CPU.Build.0 = Debug|Any CPU
		{5BFC0B2E-0DD2-48D4-AD4F-7245687C34F7}.Release|Any CPU.ActiveCfg = Release|Any CPU
		{5BFC0B2E-0DD2-48D4-AD4F-7245687C34F7}.Release|Any CPU.Build.0 = Release|Any CPU
		{9967162A-3ABF-44A9-B796-D1925B257805}.Debug|Any CPU.ActiveCfg = Debug|Any CPU
		{9967162A-3ABF-44A9-B796-D1925B257805}.Debug|Any CPU.Build.0 = Debug|Any CPU
		{9967162A-3ABF-44A9-B796-D1925B257805}.Release|Any CPU.ActiveCfg = Release|Any CPU
		{9967162A-3ABF-44A9-B796-D1925B257805}.Release|Any CPU.Build.0 = Release|Any CPU
		{18483359-47B7-4FB7-9BAE-F598105B15F5}.Debug|Any CPU.ActiveCfg = Debug|Any CPU
		{18483359-47B7-4FB7-9BAE-F598105B15F5}.Debug|Any CPU.Build.0 = Debug|Any CPU
		{18483359-47B7-4FB7-9BAE-F598105B15F5}.Release|Any CPU.ActiveCfg = Release|Any CPU
		{18483359-47B7-4FB7-9BAE-F598105B15F5}.Release|Any CPU.Build.0 = Release|Any CPU
		{ACCB7A7F-19E2-4593-B6A0-97989D6B78E6}.Debug|Any CPU.ActiveCfg = Debug|Any CPU
		{ACCB7A7F-19E2-4593-B6A0-97989D6B78E6}.Debug|Any CPU.Build.0 = Debug|Any CPU
		{ACCB7A7F-19E2-4593-B6A0-97989D6B78E6}.Release|Any CPU.ActiveCfg = Release|Any CPU
		{ACCB7A7F-19E2-4593-B6A0-97989D6B78E6}.Release|Any CPU.Build.0 = Release|Any CPU
		{0A9D2AE0-F943-408E-B740-2101DDF865CE}.Debug|Any CPU.ActiveCfg = Debug|Any CPU
		{0A9D2AE0-F943-408E-B740-2101DDF865CE}.Debug|Any CPU.Build.0 = Debug|Any CPU
		{0A9D2AE0-F943-408E-B740-2101DDF865CE}.Release|Any CPU.ActiveCfg = Release|Any CPU
		{0A9D2AE0-F943-408E-B740-2101DDF865CE}.Release|Any CPU.Build.0 = Release|Any CPU
		{D4E1CD1A-EA33-48B8-A965-D55F82CCFBC5}.Debug|Any CPU.ActiveCfg = Debug|Any CPU
		{D4E1CD1A-EA33-48B8-A965-D55F82CCFBC5}.Debug|Any CPU.Build.0 = Debug|Any CPU
		{D4E1CD1A-EA33-48B8-A965-D55F82CCFBC5}.Release|Any CPU.ActiveCfg = Release|Any CPU
		{D4E1CD1A-EA33-48B8-A965-D55F82CCFBC5}.Release|Any CPU.Build.0 = Release|Any CPU
		{8D070E04-ABCE-439F-A7A9-864D73225D34}.Debug|Any CPU.ActiveCfg = Debug|Any CPU
		{8D070E04-ABCE-439F-A7A9-864D73225D34}.Debug|Any CPU.Build.0 = Debug|Any CPU
		{8D070E04-ABCE-439F-A7A9-864D73225D34}.Release|Any CPU.ActiveCfg = Release|Any CPU
		{8D070E04-ABCE-439F-A7A9-864D73225D34}.Release|Any CPU.Build.0 = Release|Any CPU
		{A45E8362-191B-4CF4-BC0C-89F81C5A17FE}.Debug|Any CPU.ActiveCfg = Debug|Any CPU
		{A45E8362-191B-4CF4-BC0C-89F81C5A17FE}.Debug|Any CPU.Build.0 = Debug|Any CPU
		{A45E8362-191B-4CF4-BC0C-89F81C5A17FE}.Release|Any CPU.ActiveCfg = Release|Any CPU
		{A45E8362-191B-4CF4-BC0C-89F81C5A17FE}.Release|Any CPU.Build.0 = Release|Any CPU
		{A5AD515A-B43E-C625-1B44-589AAA14686C}.Debug|Any CPU.ActiveCfg = Debug|Any CPU
		{A5AD515A-B43E-C625-1B44-589AAA14686C}.Debug|Any CPU.Build.0 = Debug|Any CPU
		{A5AD515A-B43E-C625-1B44-589AAA14686C}.Release|Any CPU.ActiveCfg = Release|Any CPU
		{A5AD515A-B43E-C625-1B44-589AAA14686C}.Release|Any CPU.Build.0 = Release|Any CPU
		{8CD9759A-0026-33FC-DE4B-6BE3229B5109}.Debug|Any CPU.ActiveCfg = Debug|Any CPU
		{8CD9759A-0026-33FC-DE4B-6BE3229B5109}.Debug|Any CPU.Build.0 = Debug|Any CPU
		{8CD9759A-0026-33FC-DE4B-6BE3229B5109}.Release|Any CPU.ActiveCfg = Release|Any CPU
		{8CD9759A-0026-33FC-DE4B-6BE3229B5109}.Release|Any CPU.Build.0 = Release|Any CPU
		{710834A8-C271-4853-7B3D-1661A2535D9C}.Debug|Any CPU.ActiveCfg = Debug|Any CPU
		{710834A8-C271-4853-7B3D-1661A2535D9C}.Debug|Any CPU.Build.0 = Debug|Any CPU
		{710834A8-C271-4853-7B3D-1661A2535D9C}.Release|Any CPU.ActiveCfg = Release|Any CPU
		{710834A8-C271-4853-7B3D-1661A2535D9C}.Release|Any CPU.Build.0 = Release|Any CPU
		{2970172B-D8E3-F5AC-ABE1-F96E39F15A80}.Debug|Any CPU.ActiveCfg = Debug|Any CPU
		{2970172B-D8E3-F5AC-ABE1-F96E39F15A80}.Debug|Any CPU.Build.0 = Debug|Any CPU
		{2970172B-D8E3-F5AC-ABE1-F96E39F15A80}.Release|Any CPU.ActiveCfg = Release|Any CPU
		{2970172B-D8E3-F5AC-ABE1-F96E39F15A80}.Release|Any CPU.Build.0 = Release|Any CPU
		{AE915013-50A2-6610-F705-53059D40139B}.Debug|Any CPU.ActiveCfg = Debug|Any CPU
		{AE915013-50A2-6610-F705-53059D40139B}.Debug|Any CPU.Build.0 = Debug|Any CPU
		{AE915013-50A2-6610-F705-53059D40139B}.Release|Any CPU.ActiveCfg = Release|Any CPU
		{AE915013-50A2-6610-F705-53059D40139B}.Release|Any CPU.Build.0 = Release|Any CPU
		{81E53953-EFD5-F7BE-C844-FEC29CA7B3F7}.Debug|Any CPU.ActiveCfg = Debug|Any CPU
		{81E53953-EFD5-F7BE-C844-FEC29CA7B3F7}.Debug|Any CPU.Build.0 = Debug|Any CPU
		{81E53953-EFD5-F7BE-C844-FEC29CA7B3F7}.Release|Any CPU.ActiveCfg = Release|Any CPU
		{81E53953-EFD5-F7BE-C844-FEC29CA7B3F7}.Release|Any CPU.Build.0 = Release|Any CPU
		{87FBEAB7-2F9A-EAAC-084E-F9408151E00B}.Debug|Any CPU.ActiveCfg = Debug|Any CPU
		{87FBEAB7-2F9A-EAAC-084E-F9408151E00B}.Debug|Any CPU.Build.0 = Debug|Any CPU
		{87FBEAB7-2F9A-EAAC-084E-F9408151E00B}.Release|Any CPU.ActiveCfg = Release|Any CPU
		{87FBEAB7-2F9A-EAAC-084E-F9408151E00B}.Release|Any CPU.Build.0 = Release|Any CPU
	EndGlobalSection
	GlobalSection(SolutionProperties) = preSolution
		HideSolutionNode = FALSE
	EndGlobalSection
	GlobalSection(NestedProjects) = preSolution
		{635E30FB-0B64-41D9-ACCC-BD927FD1A2EB} = {5F3FB626-5C24-4663-9B74-C9257417305E}
		{F86A6EBD-7FCC-4349-865B-BADF2AC331C2} = {91ACB8C4-58D1-42AC-A233-248BC18925B7}
		{EB17BE1D-A92C-49B5-BFF1-DD75BC7DC94B} = {2DA560C9-CF55-4AE8-9876-035A24D70098}
		{DB4DF262-E785-497F-B465-440175026F97} = {2DA560C9-CF55-4AE8-9876-035A24D70098}
		{77D2BB76-B7AF-4200-B799-F19F879F7CB4} = {5F3FB626-5C24-4663-9B74-C9257417305E}
		{88DF870D-E5E7-4CC0-8FF0-60EF746C28AF} = {EB17BE1D-A92C-49B5-BFF1-DD75BC7DC94B}
		{117B0121-B9E5-4481-8054-F33D1DA86AEC} = {EB17BE1D-A92C-49B5-BFF1-DD75BC7DC94B}
		{B9DC33D2-34E6-4B6B-A22E-D7EFA1380004} = {DB4DF262-E785-497F-B465-440175026F97}
		{6BCC94F3-717C-42EB-B051-DCFD15C9A068} = {3BF8F0CE-05C3-4386-B960-C56F6719D294}
		{7602FA14-87A9-490E-91E2-BBC0633FE194} = {3BF8F0CE-05C3-4386-B960-C56F6719D294}
		{1B3840FD-9C14-489F-8E03-DFEDA01207CF} = {3BF8F0CE-05C3-4386-B960-C56F6719D294}
		{3BF8F0CE-05C3-4386-B960-C56F6719D294} = {2DA560C9-CF55-4AE8-9876-035A24D70098}
		{1076A82B-A813-44A5-93F6-4CCA1C15090E} = {91ACB8C4-58D1-42AC-A233-248BC18925B7}
		{5F3FB626-5C24-4663-9B74-C9257417305E} = {2DA560C9-CF55-4AE8-9876-035A24D70098}
		{11F1970C-D03D-4153-B27E-C4774AB4509A} = {3BF8F0CE-05C3-4386-B960-C56F6719D294}
		{BF85677F-198E-4CAE-A13D-38CA555C9F76} = {91ACB8C4-58D1-42AC-A233-248BC18925B7}
		{D6842BB0-435B-408A-8040-11FAD9479E79} = {5F3FB626-5C24-4663-9B74-C9257417305E}
		{65D57042-EE58-4EBC-A5EE-B618BB99641D} = {3BF8F0CE-05C3-4386-B960-C56F6719D294}
		{165F6836-4B8F-48E0-AFC4-8D2A0286F3F5} = {DB4DF262-E785-497F-B465-440175026F97}
		{F23531FF-582D-48BA-988A-C484B86B44B2} = {5F3FB626-5C24-4663-9B74-C9257417305E}
		{175B77B0-25DB-47C4-881B-DEC3FAADF78A} = {5F3FB626-5C24-4663-9B74-C9257417305E}
		{7F5612B7-188E-42D1-9F41-3CC32062519B} = {5F3FB626-5C24-4663-9B74-C9257417305E}
		{44C09B7D-9917-4AFE-809C-2DA8E93048DD} = {5F3FB626-5C24-4663-9B74-C9257417305E}
		{816A9714-67FD-42BA-8411-3AD9B0A90701} = {91ACB8C4-58D1-42AC-A233-248BC18925B7}
		{5BFC0B2E-0DD2-48D4-AD4F-7245687C34F7} = {DB4DF262-E785-497F-B465-440175026F97}
		{9967162A-3ABF-44A9-B796-D1925B257805} = {DB4DF262-E785-497F-B465-440175026F97}
		{18483359-47B7-4FB7-9BAE-F598105B15F5} = {DB4DF262-E785-497F-B465-440175026F97}
		{ACCB7A7F-19E2-4593-B6A0-97989D6B78E6} = {DB4DF262-E785-497F-B465-440175026F97}
		{0A9D2AE0-F943-408E-B740-2101DDF865CE} = {DB4DF262-E785-497F-B465-440175026F97}
		{D4E1CD1A-EA33-48B8-A965-D55F82CCFBC5} = {EB17BE1D-A92C-49B5-BFF1-DD75BC7DC94B}
		{8D070E04-ABCE-439F-A7A9-864D73225D34} = {DB4DF262-E785-497F-B465-440175026F97}
		{A45E8362-191B-4CF4-BC0C-89F81C5A17FE} = {DB4DF262-E785-497F-B465-440175026F97}
		{A5AD515A-B43E-C625-1B44-589AAA14686C} = {3BF8F0CE-05C3-4386-B960-C56F6719D294}
		{8CD9759A-0026-33FC-DE4B-6BE3229B5109} = {91ACB8C4-58D1-42AC-A233-248BC18925B7}
		{710834A8-C271-4853-7B3D-1661A2535D9C} = {3BF8F0CE-05C3-4386-B960-C56F6719D294}
		{2970172B-D8E3-F5AC-ABE1-F96E39F15A80} = {DB4DF262-E785-497F-B465-440175026F97}
		{AE915013-50A2-6610-F705-53059D40139B} = {DB4DF262-E785-497F-B465-440175026F97}
		{81E53953-EFD5-F7BE-C844-FEC29CA7B3F7} = {5F3FB626-5C24-4663-9B74-C9257417305E}
		{87FBEAB7-2F9A-EAAC-084E-F9408151E00B} = {5F3FB626-5C24-4663-9B74-C9257417305E}
	EndGlobalSection
	GlobalSection(ExtensibilityGlobals) = postSolution
		SolutionGuid = {A8E7A112-1B80-4DCC-9884-5069D0E3B651}
	EndGlobalSection
EndGlobal
